// !$*UTF8*$!
{
	archiveVersion = 1;
	classes = {
	};
	objectVersion = 50;
	objects = {

/* Begin PBXBuildFile section */
		7950220D25E7B6A600429CC8 /* AppDelegate.swift in Sources */ = {isa = PBXBuildFile; fileRef = 7950220C25E7B6A600429CC8 /* AppDelegate.swift */; };
		7950220F25E7B6A600429CC8 /* SceneDelegate.swift in Sources */ = {isa = PBXBuildFile; fileRef = 7950220E25E7B6A600429CC8 /* SceneDelegate.swift */; };
		7950221125E7B6A600429CC8 /* ContentView.swift in Sources */ = {isa = PBXBuildFile; fileRef = 7950221025E7B6A600429CC8 /* ContentView.swift */; };
		7950221325E7B6A700429CC8 /* Assets.xcassets in Resources */ = {isa = PBXBuildFile; fileRef = 7950221225E7B6A700429CC8 /* Assets.xcassets */; };
		7950221625E7B6A700429CC8 /* Preview Assets.xcassets in Resources */ = {isa = PBXBuildFile; fileRef = 7950221525E7B6A700429CC8 /* Preview Assets.xcassets */; };
		7950221925E7B6A700429CC8 /* LaunchScreen.storyboard in Resources */ = {isa = PBXBuildFile; fileRef = 7950221725E7B6A700429CC8 /* LaunchScreen.storyboard */; };
/* End PBXBuildFile section */

/* Begin PBXFileReference section */
		7950220925E7B6A600429CC8 /* DicodingiOSExpert.app */ = {isa = PBXFileReference; explicitFileType = wrapper.application; includeInIndex = 0; path = DicodingiOSExpert.app; sourceTree = BUILT_PRODUCTS_DIR; };
		7950220C25E7B6A600429CC8 /* AppDelegate.swift */ = {isa = PBXFileReference; lastKnownFileType = sourcecode.swift; path = AppDelegate.swift; sourceTree = "<group>"; };
		7950220E25E7B6A600429CC8 /* SceneDelegate.swift */ = {isa = PBXFileReference; lastKnownFileType = sourcecode.swift; path = SceneDelegate.swift; sourceTree = "<group>"; };
		7950221025E7B6A600429CC8 /* ContentView.swift */ = {isa = PBXFileReference; lastKnownFileType = sourcecode.swift; path = ContentView.swift; sourceTree = "<group>"; };
		7950221225E7B6A700429CC8 /* Assets.xcassets */ = {isa = PBXFileReference; lastKnownFileType = folder.assetcatalog; path = Assets.xcassets; sourceTree = "<group>"; };
		7950221525E7B6A700429CC8 /* Preview Assets.xcassets */ = {isa = PBXFileReference; lastKnownFileType = folder.assetcatalog; path = "Preview Assets.xcassets"; sourceTree = "<group>"; };
		7950221825E7B6A700429CC8 /* Base */ = {isa = PBXFileReference; lastKnownFileType = file.storyboard; name = Base; path = Base.lproj/LaunchScreen.storyboard; sourceTree = "<group>"; };
		7950221A25E7B6A700429CC8 /* Info.plist */ = {isa = PBXFileReference; lastKnownFileType = text.plist.xml; path = Info.plist; sourceTree = "<group>"; };
/* End PBXFileReference section */

/* Begin PBXFrameworksBuildPhase section */
		7950220625E7B6A600429CC8 /* Frameworks */ = {
			isa = PBXFrameworksBuildPhase;
			buildActionMask = 2147483647;
			files = (
			);
			runOnlyForDeploymentPostprocessing = 0;
		};
/* End PBXFrameworksBuildPhase section */

/* Begin PBXGroup section */
		7950220025E7B6A600429CC8 = {
			isa = PBXGroup;
			children = (
				7950220B25E7B6A600429CC8 /* DicodingiOSExpert */,
				7950220A25E7B6A600429CC8 /* Products */,
			);
			sourceTree = "<group>";
		};
		7950220A25E7B6A600429CC8 /* Products */ = {
			isa = PBXGroup;
			children = (
				7950220925E7B6A600429CC8 /* DicodingiOSExpert.app */,
			);
			name = Products;
			sourceTree = "<group>";
		};
		7950220B25E7B6A600429CC8 /* DicodingiOSExpert */ = {
			isa = PBXGroup;
			children = (
				7950220C25E7B6A600429CC8 /* AppDelegate.swift */,
				7950220E25E7B6A600429CC8 /* SceneDelegate.swift */,
				7950221025E7B6A600429CC8 /* ContentView.swift */,
				7950221225E7B6A700429CC8 /* Assets.xcassets */,
				7950221725E7B6A700429CC8 /* LaunchScreen.storyboard */,
				7950221A25E7B6A700429CC8 /* Info.plist */,
				7950221425E7B6A700429CC8 /* Preview Content */,
			);
			path = DicodingiOSExpert;
			sourceTree = "<group>";
		};
		7950221425E7B6A700429CC8 /* Preview Content */ = {
			isa = PBXGroup;
			children = (
				7950221525E7B6A700429CC8 /* Preview Assets.xcassets */,
			);
			path = "Preview Content";
			sourceTree = "<group>";
		};
/* End PBXGroup section */

/* Begin PBXNativeTarget section */
		7950220825E7B6A600429CC8 /* DicodingiOSExpert */ = {
			isa = PBXNativeTarget;
			buildConfigurationList = 7950221D25E7B6A700429CC8 /* Build configuration list for PBXNativeTarget "DicodingiOSExpert" */;
			buildPhases = (
				7950220525E7B6A600429CC8 /* Sources */,
				7950220625E7B6A600429CC8 /* Frameworks */,
				7950220725E7B6A600429CC8 /* Resources */,
			);
			buildRules = (
			);
			dependencies = (
			);
			name = DicodingiOSExpert;
			productName = DicodingiOSExpert;
			productReference = 7950220925E7B6A600429CC8 /* DicodingiOSExpert.app */;
			productType = "com.apple.product-type.application";
		};
/* End PBXNativeTarget section */

/* Begin PBXProject section */
		7950220125E7B6A600429CC8 /* Project object */ = {
			isa = PBXProject;
			attributes = {
				LastSwiftUpdateCheck = 1240;
				LastUpgradeCheck = 1240;
				TargetAttributes = {
					7950220825E7B6A600429CC8 = {
						CreatedOnToolsVersion = 12.4;
					};
				};
			};
			buildConfigurationList = 7950220425E7B6A600429CC8 /* Build configuration list for PBXProject "DicodingiOSExpert" */;
			compatibilityVersion = "Xcode 9.3";
			developmentRegion = en;
			hasScannedForEncodings = 0;
			knownRegions = (
				en,
				Base,
			);
			mainGroup = 7950220025E7B6A600429CC8;
			productRefGroup = 7950220A25E7B6A600429CC8 /* Products */;
			projectDirPath = "";
			projectRoot = "";
			targets = (
				7950220825E7B6A600429CC8 /* DicodingiOSExpert */,
			);
		};
/* End PBXProject section */

/* Begin PBXResourcesBuildPhase section */
		7950220725E7B6A600429CC8 /* Resources */ = {
			isa = PBXResourcesBuildPhase;
			buildActionMask = 2147483647;
			files = (
				7950221925E7B6A700429CC8 /* LaunchScreen.storyboard in Resources */,
				7950221625E7B6A700429CC8 /* Preview Assets.xcassets in Resources */,
				7950221325E7B6A700429CC8 /* Assets.xcassets in Resources */,
			);
			runOnlyForDeploymentPostprocessing = 0;
		};
/* End PBXResourcesBuildPhase section */

/* Begin PBXSourcesBuildPhase section */
		7950220525E7B6A600429CC8 /* Sources */ = {
			isa = PBXSourcesBuildPhase;
			buildActionMask = 2147483647;
			files = (
				7950220D25E7B6A600429CC8 /* AppDelegate.swift in Sources */,
				7950220F25E7B6A600429CC8 /* SceneDelegate.swift in Sources */,
				7950221125E7B6A600429CC8 /* ContentView.swift in Sources */,
			);
			runOnlyForDeploymentPostprocessing = 0;
		};
/* End PBXSourcesBuildPhase section */

/* Begin PBXVariantGroup section */
		7950221725E7B6A700429CC8 /* LaunchScreen.storyboard */ = {
			isa = PBXVariantGroup;
			children = (
				7950221825E7B6A700429CC8 /* Base */,
			);
			name = LaunchScreen.storyboard;
			sourceTree = "<group>";
		};
/* End PBXVariantGroup section */

/* Begin XCBuildConfiguration section */
		7950221B25E7B6A700429CC8 /* Debug */ = {
			isa = XCBuildConfiguration;
			buildSettings = {
				ALWAYS_SEARCH_USER_PATHS = NO;
				CLANG_ANALYZER_NONNULL = YES;
				CLANG_ANALYZER_NUMBER_OBJECT_CONVERSION = YES_AGGRESSIVE;
				CLANG_CXX_LANGUAGE_STANDARD = "gnu++14";
				CLANG_CXX_LIBRARY = "libc++";
				CLANG_ENABLE_MODULES = YES;
				CLANG_ENABLE_OBJC_ARC = YES;
				CLANG_ENABLE_OBJC_WEAK = YES;
				CLANG_WARN_BLOCK_CAPTURE_AUTORELEASING = YES;
				CLANG_WARN_BOOL_CONVERSION = YES;
				CLANG_WARN_COMMA = YES;
				CLANG_WARN_CONSTANT_CONVERSION = YES;
				CLANG_WARN_DEPRECATED_OBJC_IMPLEMENTATIONS = YES;
				CLANG_WARN_DIRECT_OBJC_ISA_USAGE = YES_ERROR;
				CLANG_WARN_DOCUMENTATION_COMMENTS = YES;
				CLANG_WARN_EMPTY_BODY = YES;
				CLANG_WARN_ENUM_CONVERSION = YES;
				CLANG_WARN_INFINITE_RECURSION = YES;
				CLANG_WARN_INT_CONVERSION = YES;
				CLANG_WARN_NON_LITERAL_NULL_CONVERSION = YES;
				CLANG_WARN_OBJC_IMPLICIT_RETAIN_SELF = YES;
				CLANG_WARN_OBJC_LITERAL_CONVERSION = YES;
				CLANG_WARN_OBJC_ROOT_CLASS = YES_ERROR;
				CLANG_WARN_QUOTED_INCLUDE_IN_FRAMEWORK_HEADER = YES;
				CLANG_WARN_RANGE_LOOP_ANALYSIS = YES;
				CLANG_WARN_STRICT_PROTOTYPES = YES;
				CLANG_WARN_SUSPICIOUS_MOVE = YES;
				CLANG_WARN_UNGUARDED_AVAILABILITY = YES_AGGRESSIVE;
				CLANG_WARN_UNREACHABLE_CODE = YES;
				CLANG_WARN__DUPLICATE_METHOD_MATCH = YES;
				COPY_PHASE_STRIP = NO;
				DEBUG_INFORMATION_FORMAT = dwarf;
				ENABLE_STRICT_OBJC_MSGSEND = YES;
				ENABLE_TESTABILITY = YES;
				GCC_C_LANGUAGE_STANDARD = gnu11;
				GCC_DYNAMIC_NO_PIC = NO;
				GCC_NO_COMMON_BLOCKS = YES;
				GCC_OPTIMIZATION_LEVEL = 0;
				GCC_PREPROCESSOR_DEFINITIONS = (
					"DEBUG=1",
					"$(inherited)",
				);
				GCC_WARN_64_TO_32_BIT_CONVERSION = YES;
				GCC_WARN_ABOUT_RETURN_TYPE = YES_ERROR;
				GCC_WARN_UNDECLARED_SELECTOR = YES;
				GCC_WARN_UNINITIALIZED_AUTOS = YES_AGGRESSIVE;
				GCC_WARN_UNUSED_FUNCTION = YES;
				GCC_WARN_UNUSED_VARIABLE = YES;
				IPHONEOS_DEPLOYMENT_TARGET = 14.4;
				MTL_ENABLE_DEBUG_INFO = INCLUDE_SOURCE;
				MTL_FAST_MATH = YES;
				ONLY_ACTIVE_ARCH = YES;
				SDKROOT = iphoneos;
				SWIFT_ACTIVE_COMPILATION_CONDITIONS = DEBUG;
				SWIFT_OPTIMIZATION_LEVEL = "-Onone";
			};
			name = Debug;
		};
		7950221C25E7B6A700429CC8 /* Release */ = {
			isa = XCBuildConfiguration;
			buildSettings = {
				ALWAYS_SEARCH_USER_PATHS = NO;
				CLANG_ANALYZER_NONNULL = YES;
				CLANG_ANALYZER_NUMBER_OBJECT_CONVERSION = YES_AGGRESSIVE;
				CLANG_CXX_LANGUAGE_STANDARD = "gnu++14";
				CLANG_CXX_LIBRARY = "libc++";
				CLANG_ENABLE_MODULES = YES;
				CLANG_ENABLE_OBJC_ARC = YES;
				CLANG_ENABLE_OBJC_WEAK = YES;
				CLANG_WARN_BLOCK_CAPTURE_AUTORELEASING = YES;
				CLANG_WARN_BOOL_CONVERSION = YES;
				CLANG_WARN_COMMA = YES;
				CLANG_WARN_CONSTANT_CONVERSION = YES;
				CLANG_WARN_DEPRECATED_OBJC_IMPLEMENTATIONS = YES;
				CLANG_WARN_DIRECT_OBJC_ISA_USAGE = YES_ERROR;
				CLANG_WARN_DOCUMENTATION_COMMENTS = YES;
				CLANG_WARN_EMPTY_BODY = YES;
				CLANG_WARN_ENUM_CONVERSION = YES;
				CLANG_WARN_INFINITE_RECURSION = YES;
				CLANG_WARN_INT_CONVERSION = YES;
				CLANG_WARN_NON_LITERAL_NULL_CONVERSION = YES;
				CLANG_WARN_OBJC_IMPLICIT_RETAIN_SELF = YES;
				CLANG_WARN_OBJC_LITERAL_CONVERSION = YES;
				CLANG_WARN_OBJC_ROOT_CLASS = YES_ERROR;
				CLANG_WARN_QUOTED_INCLUDE_IN_FRAMEWORK_HEADER = YES;
				CLANG_WARN_RANGE_LOOP_ANALYSIS = YES;
				CLANG_WARN_STRICT_PROTOTYPES = YES;
				CLANG_WARN_SUSPICIOUS_MOVE = YES;
				CLANG_WARN_UNGUARDED_AVAILABILITY = YES_AGGRESSIVE;
				CLANG_WARN_UNREACHABLE_CODE = YES;
				CLANG_WARN__DUPLICATE_METHOD_MATCH = YES;
				COPY_PHASE_STRIP = NO;
				DEBUG_INFORMATION_FORMAT = "dwarf-with-dsym";
				ENABLE_NS_ASSERTIONS = NO;
				ENABLE_STRICT_OBJC_MSGSEND = YES;
				GCC_C_LANGUAGE_STANDARD = gnu11;
				GCC_NO_COMMON_BLOCKS = YES;
				GCC_WARN_64_TO_32_BIT_CONVERSION = YES;
				GCC_WARN_ABOUT_RETURN_TYPE = YES_ERROR;
				GCC_WARN_UNDECLARED_SELECTOR = YES;
				GCC_WARN_UNINITIALIZED_AUTOS = YES_AGGRESSIVE;
				GCC_WARN_UNUSED_FUNCTION = YES;
				GCC_WARN_UNUSED_VARIABLE = YES;
				IPHONEOS_DEPLOYMENT_TARGET = 14.4;
				MTL_ENABLE_DEBUG_INFO = NO;
				MTL_FAST_MATH = YES;
				SDKROOT = iphoneos;
				SWIFT_COMPILATION_MODE = wholemodule;
				SWIFT_OPTIMIZATION_LEVEL = "-O";
				VALIDATE_PRODUCT = YES;
			};
			name = Release;
		};
		7950221E25E7B6A700429CC8 /* Debug */ = {
			isa = XCBuildConfiguration;
			buildSettings = {
				ASSETCATALOG_COMPILER_APPICON_NAME = AppIcon;
				ASSETCATALOG_COMPILER_GLOBAL_ACCENT_COLOR_NAME = AccentColor;
				CODE_SIGN_STYLE = Automatic;
				DEVELOPMENT_ASSET_PATHS = "\"DicodingiOSExpert/Preview Content\"";
				DEVELOPMENT_TEAM = 6K5MM965KY;
				ENABLE_PREVIEWS = YES;
				INFOPLIST_FILE = DicodingiOSExpert/Info.plist;
				LD_RUNPATH_SEARCH_PATHS = (
					"$(inherited)",
					"@executable_path/Frameworks",
				);
				PRODUCT_BUNDLE_IDENTIFIER = id.dicoding.learn.DicodingiOSExpert;
				PRODUCT_NAME = "$(TARGET_NAME)";
				SWIFT_VERSION = 5.0;
				TARGETED_DEVICE_FAMILY = "1,2";
			};
			name = Debug;
		};
		7950221F25E7B6A700429CC8 /* Release */ = {
			isa = XCBuildConfiguration;
			buildSettings = {
				ASSETCATALOG_COMPILER_APPICON_NAME = AppIcon;
				ASSETCATALOG_COMPILER_GLOBAL_ACCENT_COLOR_NAME = AccentColor;
				CODE_SIGN_STYLE = Automatic;
				DEVELOPMENT_ASSET_PATHS = "\"DicodingiOSExpert/Preview Content\"";
				DEVELOPMENT_TEAM = 6K5MM965KY;
				ENABLE_PREVIEWS = YES;
				INFOPLIST_FILE = DicodingiOSExpert/Info.plist;
				LD_RUNPATH_SEARCH_PATHS = (
					"$(inherited)",
					"@executable_path/Frameworks",
				);
				PRODUCT_BUNDLE_IDENTIFIER = id.dicoding.learn.DicodingiOSExpert;
				PRODUCT_NAME = "$(TARGET_NAME)";
				SWIFT_VERSION = 5.0;
				TARGETED_DEVICE_FAMILY = "1,2";
			};
			name = Release;
		};
/* End XCBuildConfiguration section */

/* Begin XCConfigurationList section */
		7950220425E7B6A600429CC8 /* Build configuration list for PBXProject "DicodingiOSExpert" */ = {
			isa = XCConfigurationList;
			buildConfigurations = (
				7950221B25E7B6A700429CC8 /* Debug */,
				7950221C25E7B6A700429CC8 /* Release */,
			);
			defaultConfigurationIsVisible = 0;
			defaultConfigurationName = Release;
		};
		7950221D25E7B6A700429CC8 /* Build configuration list for PBXNativeTarget "DicodingiOSExpert" */ = {
			isa = XCConfigurationList;
			buildConfigurations = (
				7950221E25E7B6A700429CC8 /* Debug */,
				7950221F25E7B6A700429CC8 /* Release */,
			);
			defaultConfigurationIsVisible = 0;
			defaultConfigurationName = Release;
		};
/* End XCConfigurationList section */
	};
	rootObject = 7950220125E7B6A600429CC8 /* Project object */;
}
